// !$*UTF8*$!
{
	archiveVersion = 1;
	classes = {
	};
	objectVersion = 50;
	objects = {

/* Begin PBXBuildFile section */
		FF3D89742464BBED0025AD5D /* AppDelegate.swift in Sources */ = {isa = PBXBuildFile; fileRef = FF3D89732464BBED0025AD5D /* AppDelegate.swift */; };
		FF3D89762464BBED0025AD5D /* SceneDelegate.swift in Sources */ = {isa = PBXBuildFile; fileRef = FF3D89752464BBED0025AD5D /* SceneDelegate.swift */; };
		FF3D89782464BBED0025AD5D /* ViewController.swift in Sources */ = {isa = PBXBuildFile; fileRef = FF3D89772464BBED0025AD5D /* ViewController.swift */; };
		FF3D897B2464BBED0025AD5D /* Main.storyboard in Resources */ = {isa = PBXBuildFile; fileRef = FF3D89792464BBED0025AD5D /* Main.storyboard */; };
		FF3D897E2464BBED0025AD5D /* SmartCamera.xcdatamodeld in Sources */ = {isa = PBXBuildFile; fileRef = FF3D897C2464BBED0025AD5D /* SmartCamera.xcdatamodeld */; };
		FF3D89802464BBEE0025AD5D /* Assets.xcassets in Resources */ = {isa = PBXBuildFile; fileRef = FF3D897F2464BBEE0025AD5D /* Assets.xcassets */; };
		FF3D89832464BBEE0025AD5D /* LaunchScreen.storyboard in Resources */ = {isa = PBXBuildFile; fileRef = FF3D89812464BBEE0025AD5D /* LaunchScreen.storyboard */; };
		FF3D89DB246548330025AD5D /* Resnet50.mlmodel in Sources */ = {isa = PBXBuildFile; fileRef = FF3D89DA246548330025AD5D /* Resnet50.mlmodel */; };
/* End PBXBuildFile section */

/* Begin PBXFileReference section */
		FF3D89702464BBED0025AD5D /* ObjectClassification.app */ = {isa = PBXFileReference; explicitFileType = wrapper.application; includeInIndex = 0; path = ObjectClassification.app; sourceTree = BUILT_PRODUCTS_DIR; };
		FF3D89732464BBED0025AD5D /* AppDelegate.swift */ = {isa = PBXFileReference; lastKnownFileType = sourcecode.swift; path = AppDelegate.swift; sourceTree = "<group>"; };
		FF3D89752464BBED0025AD5D /* SceneDelegate.swift */ = {isa = PBXFileReference; lastKnownFileType = sourcecode.swift; path = SceneDelegate.swift; sourceTree = "<group>"; };
		FF3D89772464BBED0025AD5D /* ViewController.swift */ = {isa = PBXFileReference; lastKnownFileType = sourcecode.swift; path = ViewController.swift; sourceTree = "<group>"; };
		FF3D897A2464BBED0025AD5D /* Base */ = {isa = PBXFileReference; lastKnownFileType = file.storyboard; name = Base; path = Base.lproj/Main.storyboard; sourceTree = "<group>"; };
		FF3D897D2464BBED0025AD5D /* SmartCamera.xcdatamodel */ = {isa = PBXFileReference; lastKnownFileType = wrapper.xcdatamodel; path = SmartCamera.xcdatamodel; sourceTree = "<group>"; };
		FF3D897F2464BBEE0025AD5D /* Assets.xcassets */ = {isa = PBXFileReference; lastKnownFileType = folder.assetcatalog; path = Assets.xcassets; sourceTree = "<group>"; };
		FF3D89822464BBEE0025AD5D /* Base */ = {isa = PBXFileReference; lastKnownFileType = file.storyboard; name = Base; path = Base.lproj/LaunchScreen.storyboard; sourceTree = "<group>"; };
		FF3D89842464BBEE0025AD5D /* Info.plist */ = {isa = PBXFileReference; lastKnownFileType = text.plist.xml; path = Info.plist; sourceTree = "<group>"; };
		FF3D89DA246548330025AD5D /* Resnet50.mlmodel */ = {isa = PBXFileReference; lastKnownFileType = file.mlmodel; path = Resnet50.mlmodel; sourceTree = "<group>"; };
/* End PBXFileReference section */

/* Begin PBXFrameworksBuildPhase section */
		FF3D896D2464BBED0025AD5D /* Frameworks */ = {
			isa = PBXFrameworksBuildPhase;
			buildActionMask = 2147483647;
			files = (
			);
			runOnlyForDeploymentPostprocessing = 0;
		};
/* End PBXFrameworksBuildPhase section */

/* Begin PBXGroup section */
		FF3D89672464BBED0025AD5D = {
			isa = PBXGroup;
			children = (
				FF3D89722464BBED0025AD5D /* SmartCamera */,
				FF3D89712464BBED0025AD5D /* Products */,
			);
			sourceTree = "<group>";
		};
		FF3D89712464BBED0025AD5D /* Products */ = {
			isa = PBXGroup;
			children = (
				FF3D89702464BBED0025AD5D /* ObjectClassification.app */,
			);
			name = Products;
			sourceTree = "<group>";
		};
		FF3D89722464BBED0025AD5D /* SmartCamera */ = {
			isa = PBXGroup;
			children = (
				FF3D89732464BBED0025AD5D /* AppDelegate.swift */,
				FF3D89752464BBED0025AD5D /* SceneDelegate.swift */,
				FF3D89772464BBED0025AD5D /* ViewController.swift */,
				FF3D89792464BBED0025AD5D /* Main.storyboard */,
				FF3D897F2464BBEE0025AD5D /* Assets.xcassets */,
				FF3D89812464BBEE0025AD5D /* LaunchScreen.storyboard */,
				FF3D89842464BBEE0025AD5D /* Info.plist */,
				FF3D89DA246548330025AD5D /* Resnet50.mlmodel */,
				FF3D897C2464BBED0025AD5D /* SmartCamera.xcdatamodeld */,
			);
			path = SmartCamera;
			sourceTree = "<group>";
		};
/* End PBXGroup section */

/* Begin PBXNativeTarget section */
		FF3D896F2464BBED0025AD5D /* SmartCamera */ = {
			isa = PBXNativeTarget;
			buildConfigurationList = FF3D89872464BBEE0025AD5D /* Build configuration list for PBXNativeTarget "SmartCamera" */;
			buildPhases = (
				FF3D896C2464BBED0025AD5D /* Sources */,
				FF3D896D2464BBED0025AD5D /* Frameworks */,
				FF3D896E2464BBED0025AD5D /* Resources */,
			);
			buildRules = (
			);
			dependencies = (
			);
			name = SmartCamera;
			productName = SmartCamera;
			productReference = FF3D89702464BBED0025AD5D /* ObjectClassification.app */;
			productType = "com.apple.product-type.application";
		};
/* End PBXNativeTarget section */

/* Begin PBXProject section */
		FF3D89682464BBED0025AD5D /* Project object */ = {
			isa = PBXProject;
			attributes = {
				LastSwiftUpdateCheck = 1140;
				LastUpgradeCheck = 1140;
				ORGANIZATIONNAME = "Yihan Ruan";
				TargetAttributes = {
					FF3D896F2464BBED0025AD5D = {
						CreatedOnToolsVersion = 11.4.1;
					};
				};
			};
			buildConfigurationList = FF3D896B2464BBED0025AD5D /* Build configuration list for PBXProject "SmartCamera" */;
			compatibilityVersion = "Xcode 9.3";
			developmentRegion = en;
			hasScannedForEncodings = 0;
			knownRegions = (
				en,
				Base,
			);
			mainGroup = FF3D89672464BBED0025AD5D;
			productRefGroup = FF3D89712464BBED0025AD5D /* Products */;
			projectDirPath = "";
			projectRoot = "";
			targets = (
				FF3D896F2464BBED0025AD5D /* SmartCamera */,
			);
		};
/* End PBXProject section */

/* Begin PBXResourcesBuildPhase section */
		FF3D896E2464BBED0025AD5D /* Resources */ = {
			isa = PBXResourcesBuildPhase;
			buildActionMask = 2147483647;
			files = (
				FF3D89832464BBEE0025AD5D /* LaunchScreen.storyboard in Resources */,
				FF3D89802464BBEE0025AD5D /* Assets.xcassets in Resources */,
				FF3D897B2464BBED0025AD5D /* Main.storyboard in Resources */,
			);
			runOnlyForDeploymentPostprocessing = 0;
		};
/* End PBXResourcesBuildPhase section */

/* Begin PBXSourcesBuildPhase section */
		FF3D896C2464BBED0025AD5D /* Sources */ = {
			isa = PBXSourcesBuildPhase;
			buildActionMask = 2147483647;
			files = (
				FF3D89DB246548330025AD5D /* Resnet50.mlmodel in Sources */,
				FF3D897E2464BBED0025AD5D /* SmartCamera.xcdatamodeld in Sources */,
				FF3D89782464BBED0025AD5D /* ViewController.swift in Sources */,
				FF3D89742464BBED0025AD5D /* AppDelegate.swift in Sources */,
				FF3D89762464BBED0025AD5D /* SceneDelegate.swift in Sources */,
			);
			runOnlyForDeploymentPostprocessing = 0;
		};
/* End PBXSourcesBuildPhase section */

/* Begin PBXVariantGroup section */
		FF3D89792464BBED0025AD5D /* Main.storyboard */ = {
			isa = PBXVariantGroup;
			children = (
				FF3D897A2464BBED0025AD5D /* Base */,
			);
			name = Main.storyboard;
			sourceTree = "<group>";
		};
		FF3D89812464BBEE0025AD5D /* LaunchScreen.storyboard */ = {
			isa = PBXVariantGroup;
			children = (
				FF3D89822464BBEE0025AD5D /* Base */,
			);
			name = LaunchScreen.storyboard;
			sourceTree = "<group>";
		};
/* End PBXVariantGroup section */

/* Begin XCBuildConfiguration section */
		FF3D89852464BBEE0025AD5D /* Debug */ = {
			isa = XCBuildConfiguration;
			buildSettings = {
				ALWAYS_SEARCH_USER_PATHS = NO;
				CLANG_ANALYZER_NONNULL = YES;
				CLANG_ANALYZER_NUMBER_OBJECT_CONVERSION = YES_AGGRESSIVE;
				CLANG_CXX_LANGUAGE_STANDARD = "gnu++14";
				CLANG_CXX_LIBRARY = "libc++";
				CLANG_ENABLE_MODULES = YES;
				CLANG_ENABLE_OBJC_ARC = YES;
				CLANG_ENABLE_OBJC_WEAK = YES;
				CLANG_WARN_BLOCK_CAPTURE_AUTORELEASING = YES;
				CLANG_WARN_BOOL_CONVERSION = YES;
				CLANG_WARN_COMMA = YES;
				CLANG_WARN_CONSTANT_CONVERSION = YES;
				CLANG_WARN_DEPRECATED_OBJC_IMPLEMENTATIONS = YES;
				CLANG_WARN_DIRECT_OBJC_ISA_USAGE = YES_ERROR;
				CLANG_WARN_DOCUMENTATION_COMMENTS = YES;
				CLANG_WARN_EMPTY_BODY = YES;
				CLANG_WARN_ENUM_CONVERSION = YES;
				CLANG_WARN_INFINITE_RECURSION = YES;
				CLANG_WARN_INT_CONVERSION = YES;
				CLANG_WARN_NON_LITERAL_NULL_CONVERSION = YES;
				CLANG_WARN_OBJC_IMPLICIT_RETAIN_SELF = YES;
				CLANG_WARN_OBJC_LITERAL_CONVERSION = YES;
				CLANG_WARN_OBJC_ROOT_CLASS = YES_ERROR;
				CLANG_WARN_RANGE_LOOP_ANALYSIS = YES;
				CLANG_WARN_STRICT_PROTOTYPES = YES;
				CLANG_WARN_SUSPICIOUS_MOVE = YES;
				CLANG_WARN_UNGUARDED_AVAILABILITY = YES_AGGRESSIVE;
				CLANG_WARN_UNREACHABLE_CODE = YES;
				CLANG_WARN__DUPLICATE_METHOD_MATCH = YES;
				COPY_PHASE_STRIP = NO;
				DEBUG_INFORMATION_FORMAT = dwarf;
				ENABLE_STRICT_OBJC_MSGSEND = YES;
				ENABLE_TESTABILITY = YES;
				GCC_C_LANGUAGE_STANDARD = gnu11;
				GCC_DYNAMIC_NO_PIC = NO;
				GCC_NO_COMMON_BLOCKS = YES;
				GCC_OPTIMIZATION_LEVEL = 0;
				GCC_PREPROCESSOR_DEFINITIONS = (
					"DEBUG=1",
					"$(inherited)",
				);
				GCC_WARN_64_TO_32_BIT_CONVERSION = YES;
				GCC_WARN_ABOUT_RETURN_TYPE = YES_ERROR;
				GCC_WARN_UNDECLARED_SELECTOR = YES;
				GCC_WARN_UNINITIALIZED_AUTOS = YES_AGGRESSIVE;
				GCC_WARN_UNUSED_FUNCTION = YES;
				GCC_WARN_UNUSED_VARIABLE = YES;
				IPHONEOS_DEPLOYMENT_TARGET = 13.4;
				MTL_ENABLE_DEBUG_INFO = INCLUDE_SOURCE;
				MTL_FAST_MATH = YES;
				ONLY_ACTIVE_ARCH = YES;
				SDKROOT = iphoneos;
				SWIFT_ACTIVE_COMPILATION_CONDITIONS = DEBUG;
				SWIFT_OPTIMIZATION_LEVEL = "-Onone";
			};
			name = Debug;
		};
		FF3D89862464BBEE0025AD5D /* Release */ = {
			isa = XCBuildConfiguration;
			buildSettings = {
				ALWAYS_SEARCH_USER_PATHS = NO;
				CLANG_ANALYZER_NONNULL = YES;
				CLANG_ANALYZER_NUMBER_OBJECT_CONVERSION = YES_AGGRESSIVE;
				CLANG_CXX_LANGUAGE_STANDARD = "gnu++14";
				CLANG_CXX_LIBRARY = "libc++";
				CLANG_ENABLE_MODULES = YES;
				CLANG_ENABLE_OBJC_ARC = YES;
				CLANG_ENABLE_OBJC_WEAK = YES;
				CLANG_WARN_BLOCK_CAPTURE_AUTORELEASING = YES;
				CLANG_WARN_BOOL_CONVERSION = YES;
				CLANG_WARN_COMMA = YES;
				CLANG_WARN_CONSTANT_CONVERSION = YES;
				CLANG_WARN_DEPRECATED_OBJC_IMPLEMENTATIONS = YES;
				CLANG_WARN_DIRECT_OBJC_ISA_USAGE = YES_ERROR;
				CLANG_WARN_DOCUMENTATION_COMMENTS = YES;
				CLANG_WARN_EMPTY_BODY = YES;
				CLANG_WARN_ENUM_CONVERSION = YES;
				CLANG_WARN_INFINITE_RECURSION = YES;
				CLANG_WARN_INT_CONVERSION = YES;
				CLANG_WARN_NON_LITERAL_NULL_CONVERSION = YES;
				CLANG_WARN_OBJC_IMPLICIT_RETAIN_SELF = YES;
				CLANG_WARN_OBJC_LITERAL_CONVERSION = YES;
				CLANG_WARN_OBJC_ROOT_CLASS = YES_ERROR;
				CLANG_WARN_RANGE_LOOP_ANALYSIS = YES;
				CLANG_WARN_STRICT_PROTOTYPES = YES;
				CLANG_WARN_SUSPICIOUS_MOVE = YES;
				CLANG_WARN_UNGUARDED_AVAILABILITY = YES_AGGRESSIVE;
				CLANG_WARN_UNREACHABLE_CODE = YES;
				CLANG_WARN__DUPLICATE_METHOD_MATCH = YES;
				COPY_PHASE_STRIP = NO;
				DEBUG_INFORMATION_FORMAT = "dwarf-with-dsym";
				ENABLE_NS_ASSERTIONS = NO;
				ENABLE_STRICT_OBJC_MSGSEND = YES;
				GCC_C_LANGUAGE_STANDARD = gnu11;
				GCC_NO_COMMON_BLOCKS = YES;
				GCC_WARN_64_TO_32_BIT_CONVERSION = YES;
				GCC_WARN_ABOUT_RETURN_TYPE = YES_ERROR;
				GCC_WARN_UNDECLARED_SELECTOR = YES;
				GCC_WARN_UNINITIALIZED_AUTOS = YES_AGGRESSIVE;
				GCC_WARN_UNUSED_FUNCTION = YES;
				GCC_WARN_UNUSED_VARIABLE = YES;
				IPHONEOS_DEPLOYMENT_TARGET = 13.4;
				MTL_ENABLE_DEBUG_INFO = NO;
				MTL_FAST_MATH = YES;
				SDKROOT = iphoneos;
				SWIFT_COMPILATION_MODE = wholemodule;
				SWIFT_OPTIMIZATION_LEVEL = "-O";
				VALIDATE_PRODUCT = YES;
			};
			name = Release;
		};
		FF3D89882464BBEE0025AD5D /* Debug */ = {
			isa = XCBuildConfiguration;
			buildSettings = {
				ASSETCATALOG_COMPILER_APPICON_NAME = AppIcon;
				CODE_SIGN_STYLE = Automatic;
				DEVELOPMENT_TEAM = 73LRPY8Z6A;
				INFOPLIST_FILE = SmartCamera/Info.plist;
				IPHONEOS_DEPLOYMENT_TARGET = 13.3;
				LD_RUNPATH_SEARCH_PATHS = (
					"$(inherited)",
					"@executable_path/Frameworks",
				);
				PRODUCT_BUNDLE_IDENTIFIER = com.example.ObjectClassification;
				PRODUCT_NAME = ObjectClassification;
				SWIFT_VERSION = 5.0;
				TARGETED_DEVICE_FAMILY = "1,2";
			};
			name = Debug;
		};
		FF3D89892464BBEE0025AD5D /* Release */ = {
			isa = XCBuildConfiguration;
			buildSettings = {
				ASSETCATALOG_COMPILER_APPICON_NAME = AppIcon;
				CODE_SIGN_STYLE = Automatic;
				DEVELOPMENT_TEAM = 73LRPY8Z6A;
				INFOPLIST_FILE = SmartCamera/Info.plist;
				IPHONEOS_DEPLOYMENT_TARGET = 13.3;
				LD_RUNPATH_SEARCH_PATHS = (
					"$(inherited)",
					"@executable_path/Frameworks",
				);
				PRODUCT_BUNDLE_IDENTIFIER = com.example.ObjectClassification;
				PRODUCT_NAME = ObjectClassification;
				SWIFT_VERSION = 5.0;
				TARGETED_DEVICE_FAMILY = "1,2";
			};
			name = Release;
		};
/* End XCBuildConfiguration section */

/* Begin XCConfigurationList section */
		FF3D896B2464BBED0025AD5D /* Build configuration list for PBXProject "SmartCamera" */ = {
			isa = XCConfigurationList;
			buildConfigurations = (
				FF3D89852464BBEE0025AD5D /* Debug */,
				FF3D89862464BBEE0025AD5D /* Release */,
			);
			defaultConfigurationIsVisible = 0;
			defaultConfigurationName = Release;
		};
		FF3D89872464BBEE0025AD5D /* Build configuration list for PBXNativeTarget "SmartCamera" */ = {
			isa = XCConfigurationList;
			buildConfigurations = (
				FF3D89882464BBEE0025AD5D /* Debug */,
				FF3D89892464BBEE0025AD5D /* Release */,
			);
			defaultConfigurationIsVisible = 0;
			defaultConfigurationName = Release;
		};
/* End XCConfigurationList section */

/* Begin XCVersionGroup section */
		FF3D897C2464BBED0025AD5D /* SmartCamera.xcdatamodeld */ = {
			isa = XCVersionGroup;
			children = (
				FF3D897D2464BBED0025AD5D /* SmartCamera.xcdatamodel */,
			);
			currentVersion = FF3D897D2464BBED0025AD5D /* SmartCamera.xcdatamodel */;
			path = SmartCamera.xcdatamodeld;
			sourceTree = "<group>";
			versionGroupType = wrapper.xcdatamodel;
		};
/* End XCVersionGroup section */
	};
	rootObject = FF3D89682464BBED0025AD5D /* Project object */;
}
